
Microsoft Visual Studio Solution File, Format Version 12.00
# Visual Studio Version 16
VisualStudioVersion = 16.0.30611.23
MinimumVisualStudioVersion = 10.0.40219.1
Project("{FAE04EC0-301F-11D3-BF4B-00C04F79EFBC}") = "Tetris", "Tetris\Tetris.csproj", "{391F350E-D56B-4E74-8729-2BFCB9F0DA99}"
EndProject
Global
	GlobalSection(SolutionConfigurationPlatforms) = preSolution
		Debug|Any CPU = Debug|Any CPU
		Release|Any CPU = Release|Any CPU
	EndGlobalSection
	GlobalSection(ProjectConfigurationPlatforms) = postSolution
		{391F350E-D56B-4E74-8729-2BFCB9F0DA99}.Debug|Any CPU.ActiveCfg = Debug|Any CPU
		{391F350E-D56B-4E74-8729-2BFCB9F0DA99}.Debug|Any CPU.Build.0 = Debug|Any CPU
		{391F350E-D56B-4E74-8729-2BFCB9F0DA99}.Release|Any CPU.ActiveCfg = Release|Any CPU
		{391F350E-D56B-4E74-8729-2BFCB9F0DA99}.Release|Any CPU.Build.0 = Release|Any CPU
	EndGlobalSection
	GlobalSection(SolutionProperties) = preSolution
		HideSolutionNode = FALSE
	EndGlobalSection
	GlobalSection(ExtensibilityGlobals) = postSolution
		SolutionGuid = {EBF76C9C-F826-48DE-A49A-3813AAD85B20}
	EndGlobalSection
EndGlobal
